
Microsoft Visual Studio Solution File, Format Version 12.00
# Visual Studio Version 17
VisualStudioVersion = 17.4.33110.190
MinimumVisualStudioVersion = 10.0.40219.1
Project("{FAE04EC0-301F-11D3-BF4B-00C04F79EFBC}") = "QuickErp.Infrastructure", "QuickErp.Infrastructure\QuickErp.Infrastructure.csproj", "{D7D52828-7533-499D-8DC4-78373BC0F932}"
EndProject
Project("{FAE04EC0-301F-11D3-BF4B-00C04F79EFBC}") = "QuickErp.Domain", "QuickErp.Domain\QuickErp.Domain.csproj", "{89896E82-A3E9-43C3-A8E4-94F69D4D967C}"
EndProject
Project("{FAE04EC0-301F-11D3-BF4B-00C04F79EFBC}") = "QuickErp.Application", "QuickErp.Application\QuickErp.Application.csproj", "{849ADA49-9ED0-4E24-A6C6-4642752ACE73}"
EndProject
Global
	GlobalSection(SolutionConfigurationPlatforms) = preSolution
		Debug|Any CPU = Debug|Any CPU
		Release|Any CPU = Release|Any CPU
	EndGlobalSection
	GlobalSection(ProjectConfigurationPlatforms) = postSolution
		{D7D52828-7533-499D-8DC4-78373BC0F932}.Debug|Any CPU.ActiveCfg = Debug|Any CPU
		{D7D52828-7533-499D-8DC4-78373BC0F932}.Debug|Any CPU.Build.0 = Debug|Any CPU
		{D7D52828-7533-499D-8DC4-78373BC0F932}.Release|Any CPU.ActiveCfg = Release|Any CPU
		{D7D52828-7533-499D-8DC4-78373BC0F932}.Release|Any CPU.Build.0 = Release|Any CPU
		{89896E82-A3E9-43C3-A8E4-94F69D4D967C}.Debug|Any CPU.ActiveCfg = Debug|Any CPU
		{89896E82-A3E9-43C3-A8E4-94F69D4D967C}.Debug|Any CPU.Build.0 = Debug|Any CPU
		{89896E82-A3E9-43C3-A8E4-94F69D4D967C}.Release|Any CPU.ActiveCfg = Release|Any CPU
		{89896E82-A3E9-43C3-A8E4-94F69D4D967C}.Release|Any CPU.Build.0 = Release|Any CPU
		{849ADA49-9ED0-4E24-A6C6-4642752ACE73}.Debug|Any CPU.ActiveCfg = Debug|Any CPU
		{849ADA49-9ED0-4E24-A6C6-4642752ACE73}.Debug|Any CPU.Build.0 = Debug|Any CPU
		{849ADA49-9ED0-4E24-A6C6-4642752ACE73}.Release|Any CPU.ActiveCfg = Release|Any CPU
		{849ADA49-9ED0-4E24-A6C6-4642752ACE73}.Release|Any CPU.Build.0 = Release|Any CPU
	EndGlobalSection
	GlobalSection(SolutionProperties) = preSolution
		HideSolutionNode = FALSE
	EndGlobalSection
	GlobalSection(ExtensibilityGlobals) = postSolution
		SolutionGuid = {DC874DCB-F369-473F-92DD-20741234E7B0}
	EndGlobalSection
EndGlobal
